{
  "version": "3",
  "remote": {
    "https://deno.land/x/flat@0.0.10/src/json.ts": "f3d8765ba603a607974fb6bedcccaedddad764e4b17757fe047c37e41e9968f5",
    "https://deno.land/x/flat@0.0.10/src/txt.ts": "fca8104171217fbd42aefd311a1a861421dda703600b089b424d4b900b8e40d3"
  },
  "workspace": {
    "packageJson": {
      "dependencies": [
        "npm:@babel/eslint-parser@^7.16.5",
        "npm:@babel/preset-env@^7.16.11",
        "npm:d3-array@^3.1.1",
        "npm:d3-axis@^3.0.0",
        "npm:d3-collection@^1.0.7",
        "npm:d3-fetch@^3.0.1",
        "npm:d3-format@^3.1.0",
        "npm:d3-interpolate-path@^2.2.3",
        "npm:d3-scale@^4.0.2",
        "npm:d3-selection@^3.0.0",
        "npm:d3-shape@^3.1.0",
        "npm:d3-time-format@^4.1.0",
        "npm:d3-transition@^3.0.1",
        "npm:eslint-config-standard@16.0.2",
        "npm:eslint@^7.5.0",
        "npm:lint-staged@10.5.4",
        "npm:postcss-cli@^11.0.1",
        "npm:postcss-custom-properties@14.0.4",
        "npm:postcss-custom-selectors@^8.0.4",
        "npm:postcss-import@^16.1.0",
        "npm:postcss-nested@7.0.2",
        "npm:postcss-sorting@^9.1.0",
        "npm:postcss@8.4.31",
        "npm:pre-commit@^1.2.2",
        "npm:prettier@^2.5.1",
        "npm:stylelint@^14.3.0",
        "npm:terser@^5.39.0",
        "npm:vanillajs-datepicker@^1.2.0",
        "npm:vercel@^41.4.1",
        "npm:vite@6.2.7"
      ]
    }
  }
}
